
Microsoft Visual Studio Solution File, Format Version 12.00
# Visual Studio 15
Project("{FAE04EC0-301F-11D3-BF4B-00C04F79EFBC}") = "Pokemon", "Pokemon\Pokemon.csproj", "{24142634-1953-4B49-AE49-53B48BC196D1}"
EndProject
Project("{FAE04EC0-301F-11D3-BF4B-00C04F79EFBC}") = "Pokemon.UnitTests", "Pokemon.UnitTests\Pokemon.UnitTests.csproj", "{2F8A186F-9BCC-49EA-BA23-6CDAA10CC8AD}"
EndProject
Global
	GlobalSection(SolutionConfigurationPlatforms) = preSolution
		Debug|Any CPU = Debug|Any CPU
		Release|Any CPU = Release|Any CPU
	EndGlobalSection
	GlobalSection(ProjectConfigurationPlatforms) = postSolution
		{24142634-1953-4B49-AE49-53B48BC196D1}.Debug|Any CPU.ActiveCfg = Debug|Any CPU
		{24142634-1953-4B49-AE49-53B48BC196D1}.Debug|Any CPU.Build.0 = Debug|Any CPU
		{24142634-1953-4B49-AE49-53B48BC196D1}.Release|Any CPU.ActiveCfg = Release|Any CPU
		{24142634-1953-4B49-AE49-53B48BC196D1}.Release|Any CPU.Build.0 = Release|Any CPU
		{2F8A186F-9BCC-49EA-BA23-6CDAA10CC8AD}.Debug|Any CPU.ActiveCfg = Debug|Any CPU
		{2F8A186F-9BCC-49EA-BA23-6CDAA10CC8AD}.Debug|Any CPU.Build.0 = Debug|Any CPU
		{2F8A186F-9BCC-49EA-BA23-6CDAA10CC8AD}.Release|Any CPU.ActiveCfg = Release|Any CPU
		{2F8A186F-9BCC-49EA-BA23-6CDAA10CC8AD}.Release|Any CPU.Build.0 = Release|Any CPU
	EndGlobalSection
EndGlobal
